
Microsoft Visual Studio Solution File, Format Version 12.00
# Visual Studio 2012
Project("{6989167D-11E4-40FE-8C1A-2192A86A7E90}") = "Nonlinear-PDE", "Nonlinear-PDE1\Nonlinear-PDE.vfproj", "{7C76F659-1D84-4F8A-9EF8-975C9E37ABA4}"
EndProject
Global
	GlobalSection(SolutionConfigurationPlatforms) = preSolution
		Debug|Win32 = Debug|Win32
		Release|Win32 = Release|Win32
	EndGlobalSection
	GlobalSection(ProjectConfigurationPlatforms) = postSolution
		{7C76F659-1D84-4F8A-9EF8-975C9E37ABA4}.Debug|Win32.ActiveCfg = Debug|Win32
		{7C76F659-1D84-4F8A-9EF8-975C9E37ABA4}.Debug|Win32.Build.0 = Debug|Win32
		{7C76F659-1D84-4F8A-9EF8-975C9E37ABA4}.Release|Win32.ActiveCfg = Release|Win32
		{7C76F659-1D84-4F8A-9EF8-975C9E37ABA4}.Release|Win32.Build.0 = Release|Win32
	EndGlobalSection
	GlobalSection(SolutionProperties) = preSolution
		HideSolutionNode = FALSE
	EndGlobalSection
EndGlobal
